{
  "requires": true,
  "lockfileVersion": 1,
  "dependencies": {
    "changelog-parser": {
      "version": "2.7.0",
      "resolved": "https://registry.npmjs.org/changelog-parser/-/changelog-parser-2.7.0.tgz",
      "integrity": "sha512-6fFD5Q/bzVr4jpAbUe07O+/LBbKFG7yZv1EIH61BbvHTQvbUD6izjC4HBrC6sFgoZtQI4KN5QrfJLRSsLj3o3A==",
      "requires": {
        "line-reader": "^0.2.4",
        "remove-markdown": "^0.2.2"
      }
    },
    "line-reader": {
      "version": "0.2.4",
      "resolved": "https://registry.npmjs.org/line-reader/-/line-reader-0.2.4.tgz",
      "integrity": "sha1-xDkrWH3qOFgMlnhXDm6OSfzlJiI="
    },
    "remove-markdown": {
      "version": "0.2.2",
      "resolved": "https://registry.npmjs.org/remove-markdown/-/remove-markdown-0.2.2.tgz",
      "integrity": "sha1-ZrDO66n7d8qWNrsbAwfOIaMqEqY="
    }
  }
}
